<?xml version="1.0" encoding="utf-8"?>
<Project ToolsVersion="4.0" xmlns="http://schemas.microsoft.com/developer/msbuild/2003">
  <ItemGroup>
    <Filter Include="src">
      <UniqueIdentifier>{4FC737F1-C7A5-4376-A066-2A32D752A2FF}</UniqueIdentifier>
      <Extensions>cpp;c;cc;cxx;def;odl;idl;hpj;bat;asm;asmx</Extensions>
    </Filter>
    <Filter Include="src\io">
      <UniqueIdentifier>{6bd1a6a7-28d8-4ea5-940b-19be80c4515c}</UniqueIdentifier>
    </Filter>
  </ItemGroup>
  <ItemGroup>
    <ClCompile Include="..\src\io\file_io.cpp">
      <Filter>src\io</Filter>
    </ClCompile>
    <ClCompile Include="..\src\sockets.cpp">
      <Filter>src</Filter>
    </ClCompile>
    <ClCompile Include="..\src\allocators.cpp">
      <Filter>src</Filter>
    </ClCompile>
  </ItemGroup>
  <ItemGroup>
    <ClInclude Include="..\src\io\file_io.h">
      <Filter>src\io</Filter>
    </ClInclude>
    <ClInclude Include="..\src\delegate.h">
      <Filter>src</Filter>
    </ClInclude>
    <ClInclude Include="..\src\sockets.h">
      <Filter>src</Filter>
    </ClInclude>
    <ClInclude Include="..\src\allocators.h">
      <Filter>src</Filter>
    </ClInclude>
  </ItemGroup>
</Project>