<?xml version="1.0" encoding="utf-8"?>
<Project ToolsVersion="4.0" xmlns="http://schemas.microsoft.com/developer/msbuild/2003">
  <ItemGroup>
    <Filter Include="rpp">
      <UniqueIdentifier>{4FC737F1-C7A5-4376-A066-2A32D752A2FF}</UniqueIdentifier>
      <Extensions>cpp;c;cc;cxx;def;odl;idl;hpj;bat;asm;asmx</Extensions>
    </Filter>
  </ItemGroup>
  <ItemGroup>
    <ClCompile Include="..\rpp\sockets.cpp">
      <Filter>rpp</Filter>
    </ClCompile>
    <ClCompile Include="..\rpp\allocators.cpp">
      <Filter>rpp</Filter>
    </ClCompile>
    <ClCompile Include="..\rpp\binary_serializer.cpp">
      <Filter>rpp</Filter>
    </ClCompile>
    <ClCompile Include="..\rpp\strview.cpp">
      <Filter>rpp</Filter>
    </ClCompile>
    <ClCompile Include="..\rpp\file_io.cpp">
      <Filter>rpp</Filter>
    </ClCompile>
  </ItemGroup>
  <ItemGroup>
    <ClInclude Include="..\rpp\delegate.h">
      <Filter>rpp</Filter>
    </ClInclude>
    <ClInclude Include="..\rpp\sockets.h">
      <Filter>rpp</Filter>
    </ClInclude>
    <ClInclude Include="..\rpp\allocators.h">
      <Filter>rpp</Filter>
    </ClInclude>
    <ClInclude Include="..\rpp\binary_serializer.h">
      <Filter>rpp</Filter>
    </ClInclude>
    <ClInclude Include="..\rpp\binary_writer.h">
      <Filter>rpp</Filter>
    </ClInclude>
    <ClInclude Include="..\rpp\binary_reader.h">
      <Filter>rpp</Filter>
    </ClInclude>
    <ClInclude Include="..\rpp\file_io.h">
      <Filter>rpp</Filter>
    </ClInclude>
    <ClInclude Include="..\rpp\strview.h">
      <Filter>rpp</Filter>
    </ClInclude>
  </ItemGroup>
  <ItemGroup>
    <Natvis Include="..\rpp\strview.natvis">
      <Filter>rpp</Filter>
    </Natvis>
  </ItemGroup>
</Project>