<?xml version="1.0" encoding="utf-8"?>
<Project ToolsVersion="4.0" xmlns="http://schemas.microsoft.com/developer/msbuild/2003">
  <ItemGroup>
    <Filter Include="tests">
      <UniqueIdentifier>{4FC737F1-C7A5-4376-A066-2A32D752A2FF}</UniqueIdentifier>
      <Extensions>cpp;c;cc;cxx;def;odl;idl;hpj;bat;asm;asmx</Extensions>
    </Filter>
  </ItemGroup>
  <ItemGroup>
    <ClCompile Include="..\tests\test_delegate.cpp">
      <Filter>tests</Filter>
    </ClCompile>
    <ClCompile Include="..\tests\test_file_io.cpp">
      <Filter>tests</Filter>
    </ClCompile>
    <ClCompile Include="..\tests\test_allocators.cpp">
      <Filter>tests</Filter>
    </ClCompile>
    <ClCompile Include="..\tests\test_sockets.cpp">
      <Filter>tests</Filter>
    </ClCompile>
    <ClCompile Include="..\tests\test_strview.cpp">
      <Filter>tests</Filter>
    </ClCompile>
    <ClCompile Include="..\tests\test_serialization.cpp">
      <Filter>tests</Filter>
    </ClCompile>
    <ClCompile Include="..\tests\test_vec.cpp">
      <Filter>tests</Filter>
    </ClCompile>
    <ClCompile Include="..\tests\test_obfuscated_string.cpp">
      <Filter>tests</Filter>
    </ClCompile>
    <ClCompile Include="..\rpp\tests.cpp">
      <Filter>tests</Filter>
    </ClCompile>
    <ClCompile Include="..\tests\test_json.cpp">
      <Filter>tests</Filter>
    </ClCompile>
    <ClCompile Include="..\tests\test_debugging.cpp">
      <Filter>tests</Filter>
    </ClCompile>
    <ClCompile Include="..\tests\test_threadpool.cpp">
      <Filter>tests</Filter>
    </ClCompile>
  </ItemGroup>
  <ItemGroup>
    <ClInclude Include="..\rpp\tests.h">
      <Filter>tests</Filter>
    </ClInclude>
  </ItemGroup>
</Project>